
Microsoft Visual Studio Solution File, Format Version 10.00
# Visual Studio 2008
Project("{8BC9CEB8-8B4A-11D0-8D11-00A0C91BC942}") = "Win32ThreadPool", "Win32ThreadPool\Win32ThreadPool.vcproj", "{7F28A90F-B050-4C47-A7F8-D15AA32F292B}"
EndProject
Global
	GlobalSection(SolutionConfigurationPlatforms) = preSolution
		Debug|Win32 = Debug|Win32
		Release|Win32 = Release|Win32
	EndGlobalSection
	GlobalSection(ProjectConfigurationPlatforms) = postSolution
		{7F28A90F-B050-4C47-A7F8-D15AA32F292B}.Debug|Win32.ActiveCfg = Debug|Win32
		{7F28A90F-B050-4C47-A7F8-D15AA32F292B}.Debug|Win32.Build.0 = Debug|Win32
		{7F28A90F-B050-4C47-A7F8-D15AA32F292B}.Release|Win32.ActiveCfg = Release|Win32
		{7F28A90F-B050-4C47-A7F8-D15AA32F292B}.Release|Win32.Build.0 = Release|Win32
	EndGlobalSection
	GlobalSection(SolutionProperties) = preSolution
		HideSolutionNode = FALSE
	EndGlobalSection
EndGlobal
